// !$*UTF8*$!
{
	archiveVersion = 1;
	classes = {
	};
	objectVersion = 46;
	objects = {

/* Begin PBXBuildFile section */
		7199EEE91C466FF100EBEEA8 /* AppDelegate.swift in Sources */ = {isa = PBXBuildFile; fileRef = 7199EEE81C466FF100EBEEA8 /* AppDelegate.swift */; };
		7199EEEE1C466FF100EBEEA8 /* Main.storyboard in Resources */ = {isa = PBXBuildFile; fileRef = 7199EEEC1C466FF100EBEEA8 /* Main.storyboard */; };
		7199EEF01C466FF100EBEEA8 /* Assets.xcassets in Resources */ = {isa = PBXBuildFile; fileRef = 7199EEEF1C466FF100EBEEA8 /* Assets.xcassets */; };
		7199EEF31C466FF100EBEEA8 /* LaunchScreen.storyboard in Resources */ = {isa = PBXBuildFile; fileRef = 7199EEF11C466FF100EBEEA8 /* LaunchScreen.storyboard */; };
		7199EEFE1C466FF200EBEEA8 /* TheaterTests.swift in Sources */ = {isa = PBXBuildFile; fileRef = 7199EEFD1C466FF200EBEEA8 /* TheaterTests.swift */; };
		7199EF091C466FF200EBEEA8 /* TheaterUITests.swift in Sources */ = {isa = PBXBuildFile; fileRef = 7199EF081C466FF200EBEEA8 /* TheaterUITests.swift */; };
		7199EF171C46706000EBEEA8 /* MoviesViewController.swift in Sources */ = {isa = PBXBuildFile; fileRef = 7199EF161C46706000EBEEA8 /* MoviesViewController.swift */; };
		7199EF1A1C4679E400EBEEA8 /* MovieCell.swift in Sources */ = {isa = PBXBuildFile; fileRef = 7199EF191C4679E400EBEEA8 /* MovieCell.swift */; };
		7199EF1D1C47CACC00EBEEA8 /* RoundView.swift in Sources */ = {isa = PBXBuildFile; fileRef = 7199EF1C1C47CACC00EBEEA8 /* RoundView.swift */; };
		7199EF211C47CCE200EBEEA8 /* MovieCellCollectionViewCell.swift in Sources */ = {isa = PBXBuildFile; fileRef = 7199EF201C47CCE200EBEEA8 /* MovieCellCollectionViewCell.swift */; };
		E794B60D3C2DE9960D0ADD68 /* Pods_Theater.framework in Frameworks */ = {isa = PBXBuildFile; fileRef = C47052F4C24E9A6D0F205706 /* Pods_Theater.framework */; };
/* End PBXBuildFile section */

/* Begin PBXContainerItemProxy section */
		7199EEFA1C466FF200EBEEA8 /* PBXContainerItemProxy */ = {
			isa = PBXContainerItemProxy;
			containerPortal = 7199EEDD1C466FF100EBEEA8 /* Project object */;
			proxyType = 1;
			remoteGlobalIDString = 7199EEE41C466FF100EBEEA8;
			remoteInfo = Theater;
		};
		7199EF051C466FF200EBEEA8 /* PBXContainerItemProxy */ = {
			isa = PBXContainerItemProxy;
			containerPortal = 7199EEDD1C466FF100EBEEA8 /* Project object */;
			proxyType = 1;
			remoteGlobalIDString = 7199EEE41C466FF100EBEEA8;
			remoteInfo = Theater;
		};
/* End PBXContainerItemProxy section */

/* Begin PBXFileReference section */
		28EC7FE18F71D733C4A7F12E /* Pods-Theater.debug.xcconfig */ = {isa = PBXFileReference; includeInIndex = 1; lastKnownFileType = text.xcconfig; name = "Pods-Theater.debug.xcconfig"; path = "Pods/Target Support Files/Pods-Theater/Pods-Theater.debug.xcconfig"; sourceTree = "<group>"; };
		3700D7E6A8CF61292BCA250D /* Pods-Theater.release.xcconfig */ = {isa = PBXFileReference; includeInIndex = 1; lastKnownFileType = text.xcconfig; name = "Pods-Theater.release.xcconfig"; path = "Pods/Target Support Files/Pods-Theater/Pods-Theater.release.xcconfig"; sourceTree = "<group>"; };
		7199EEE51C466FF100EBEEA8 /* Theater.app */ = {isa = PBXFileReference; explicitFileType = wrapper.application; includeInIndex = 0; path = Theater.app; sourceTree = BUILT_PRODUCTS_DIR; };
		7199EEE81C466FF100EBEEA8 /* AppDelegate.swift */ = {isa = PBXFileReference; lastKnownFileType = sourcecode.swift; path = AppDelegate.swift; sourceTree = "<group>"; };
		7199EEED1C466FF100EBEEA8 /* Base */ = {isa = PBXFileReference; lastKnownFileType = file.storyboard; name = Base; path = Base.lproj/Main.storyboard; sourceTree = "<group>"; };
		7199EEEF1C466FF100EBEEA8 /* Assets.xcassets */ = {isa = PBXFileReference; lastKnownFileType = folder.assetcatalog; path = Assets.xcassets; sourceTree = "<group>"; };
		7199EEF21C466FF100EBEEA8 /* Base */ = {isa = PBXFileReference; lastKnownFileType = file.storyboard; name = Base; path = Base.lproj/LaunchScreen.storyboard; sourceTree = "<group>"; };
		7199EEF41C466FF100EBEEA8 /* Info.plist */ = {isa = PBXFileReference; lastKnownFileType = text.plist.xml; path = Info.plist; sourceTree = "<group>"; };
		7199EEF91C466FF200EBEEA8 /* TheaterTests.xctest */ = {isa = PBXFileReference; explicitFileType = wrapper.cfbundle; includeInIndex = 0; path = TheaterTests.xctest; sourceTree = BUILT_PRODUCTS_DIR; };
		7199EEFD1C466FF200EBEEA8 /* TheaterTests.swift */ = {isa = PBXFileReference; lastKnownFileType = sourcecode.swift; path = TheaterTests.swift; sourceTree = "<group>"; };
		7199EEFF1C466FF200EBEEA8 /* Info.plist */ = {isa = PBXFileReference; lastKnownFileType = text.plist.xml; path = Info.plist; sourceTree = "<group>"; };
		7199EF041C466FF200EBEEA8 /* TheaterUITests.xctest */ = {isa = PBXFileReference; explicitFileType = wrapper.cfbundle; includeInIndex = 0; path = TheaterUITests.xctest; sourceTree = BUILT_PRODUCTS_DIR; };
		7199EF081C466FF200EBEEA8 /* TheaterUITests.swift */ = {isa = PBXFileReference; lastKnownFileType = sourcecode.swift; path = TheaterUITests.swift; sourceTree = "<group>"; };
		7199EF0A1C466FF200EBEEA8 /* Info.plist */ = {isa = PBXFileReference; lastKnownFileType = text.plist.xml; path = Info.plist; sourceTree = "<group>"; };
		7199EF161C46706000EBEEA8 /* MoviesViewController.swift */ = {isa = PBXFileReference; fileEncoding = 4; lastKnownFileType = sourcecode.swift; path = MoviesViewController.swift; sourceTree = "<group>"; };
		7199EF191C4679E400EBEEA8 /* MovieCell.swift */ = {isa = PBXFileReference; fileEncoding = 4; lastKnownFileType = sourcecode.swift; path = MovieCell.swift; sourceTree = "<group>"; };
		7199EF1C1C47CACC00EBEEA8 /* RoundView.swift */ = {isa = PBXFileReference; fileEncoding = 4; lastKnownFileType = sourcecode.swift; path = RoundView.swift; sourceTree = "<group>"; };
		7199EF201C47CCE200EBEEA8 /* MovieCellCollectionViewCell.swift */ = {isa = PBXFileReference; fileEncoding = 4; lastKnownFileType = sourcecode.swift; path = MovieCellCollectionViewCell.swift; sourceTree = "<group>"; };
		C47052F4C24E9A6D0F205706 /* Pods_Theater.framework */ = {isa = PBXFileReference; explicitFileType = wrapper.framework; includeInIndex = 0; path = Pods_Theater.framework; sourceTree = BUILT_PRODUCTS_DIR; };
/* End PBXFileReference section */

/* Begin PBXFrameworksBuildPhase section */
		7199EEE21C466FF100EBEEA8 /* Frameworks */ = {
			isa = PBXFrameworksBuildPhase;
			buildActionMask = 2147483647;
			files = (
				E794B60D3C2DE9960D0ADD68 /* Pods_Theater.framework in Frameworks */,
			);
			runOnlyForDeploymentPostprocessing = 0;
		};
		7199EEF61C466FF200EBEEA8 /* Frameworks */ = {
			isa = PBXFrameworksBuildPhase;
			buildActionMask = 2147483647;
			files = (
			);
			runOnlyForDeploymentPostprocessing = 0;
		};
		7199EF011C466FF200EBEEA8 /* Frameworks */ = {
			isa = PBXFrameworksBuildPhase;
			buildActionMask = 2147483647;
			files = (
			);
			runOnlyForDeploymentPostprocessing = 0;
		};
/* End PBXFrameworksBuildPhase section */

/* Begin PBXGroup section */
		7199EEDC1C466FF100EBEEA8 = {
			isa = PBXGroup;
			children = (
				7199EEE71C466FF100EBEEA8 /* Theater */,
				7199EEFC1C466FF200EBEEA8 /* TheaterTests */,
				7199EF071C466FF200EBEEA8 /* TheaterUITests */,
				7199EEE61C466FF100EBEEA8 /* Products */,
				CCB3438A3192E159A52EA78B /* Pods */,
				D23590E5C19D07274981C066 /* Frameworks */,
			);
			sourceTree = "<group>";
		};
		7199EEE61C466FF100EBEEA8 /* Products */ = {
			isa = PBXGroup;
			children = (
				7199EEE51C466FF100EBEEA8 /* Theater.app */,
				7199EEF91C466FF200EBEEA8 /* TheaterTests.xctest */,
				7199EF041C466FF200EBEEA8 /* TheaterUITests.xctest */,
			);
			name = Products;
			sourceTree = "<group>";
		};
		7199EEE71C466FF100EBEEA8 /* Theater */ = {
			isa = PBXGroup;
			children = (
				7199EF1B1C4679F200EBEEA8 /* View Controllers */,
				7199EF181C4679C300EBEEA8 /* Views */,
				7199EEE81C466FF100EBEEA8 /* AppDelegate.swift */,
				7199EEEC1C466FF100EBEEA8 /* Main.storyboard */,
				7199EEEF1C466FF100EBEEA8 /* Assets.xcassets */,
				7199EEF11C466FF100EBEEA8 /* LaunchScreen.storyboard */,
				7199EEF41C466FF100EBEEA8 /* Info.plist */,
			);
			path = Theater;
			sourceTree = "<group>";
		};
		7199EEFC1C466FF200EBEEA8 /* TheaterTests */ = {
			isa = PBXGroup;
			children = (
				7199EEFD1C466FF200EBEEA8 /* TheaterTests.swift */,
				7199EEFF1C466FF200EBEEA8 /* Info.plist */,
			);
			path = TheaterTests;
			sourceTree = "<group>";
		};
		7199EF071C466FF200EBEEA8 /* TheaterUITests */ = {
			isa = PBXGroup;
			children = (
				7199EF081C466FF200EBEEA8 /* TheaterUITests.swift */,
				7199EF0A1C466FF200EBEEA8 /* Info.plist */,
			);
			path = TheaterUITests;
			sourceTree = "<group>";
		};
		7199EF181C4679C300EBEEA8 /* Views */ = {
			isa = PBXGroup;
			children = (
				7199EF191C4679E400EBEEA8 /* MovieCell.swift */,
				7199EF1C1C47CACC00EBEEA8 /* RoundView.swift */,
			);
			name = Views;
			sourceTree = "<group>";
		};
		7199EF1B1C4679F200EBEEA8 /* View Controllers */ = {
			isa = PBXGroup;
			children = (
				7199EF161C46706000EBEEA8 /* MoviesViewController.swift */,
				7199EF201C47CCE200EBEEA8 /* MovieCellCollectionViewCell.swift */,
			);
			name = "View Controllers";
			sourceTree = "<group>";
		};
		CCB3438A3192E159A52EA78B /* Pods */ = {
			isa = PBXGroup;
			children = (
				28EC7FE18F71D733C4A7F12E /* Pods-Theater.debug.xcconfig */,
				3700D7E6A8CF61292BCA250D /* Pods-Theater.release.xcconfig */,
			);
			name = Pods;
			sourceTree = "<group>";
		};
		D23590E5C19D07274981C066 /* Frameworks */ = {
			isa = PBXGroup;
			children = (
				C47052F4C24E9A6D0F205706 /* Pods_Theater.framework */,
			);
			name = Frameworks;
			sourceTree = "<group>";
		};
/* End PBXGroup section */

/* Begin PBXNativeTarget section */
		7199EEE41C466FF100EBEEA8 /* Theater */ = {
			isa = PBXNativeTarget;
			buildConfigurationList = 7199EF0D1C466FF200EBEEA8 /* Build configuration list for PBXNativeTarget "Theater" */;
			buildPhases = (
				BA00EA7E635ADBD9CA634AC1 /* Check Pods Manifest.lock */,
				7199EEE11C466FF100EBEEA8 /* Sources */,
				7199EEE21C466FF100EBEEA8 /* Frameworks */,
				7199EEE31C466FF100EBEEA8 /* Resources */,
				3F564DEB368C5890D68B5FC5 /* Embed Pods Frameworks */,
				F0D09ED6E60FD0493857D88D /* Copy Pods Resources */,
			);
			buildRules = (
			);
			dependencies = (
			);
			name = Theater;
			productName = Theater;
			productReference = 7199EEE51C466FF100EBEEA8 /* Theater.app */;
			productType = "com.apple.product-type.application";
		};
		7199EEF81C466FF200EBEEA8 /* TheaterTests */ = {
			isa = PBXNativeTarget;
			buildConfigurationList = 7199EF101C466FF200EBEEA8 /* Build configuration list for PBXNativeTarget "TheaterTests" */;
			buildPhases = (
				7199EEF51C466FF200EBEEA8 /* Sources */,
				7199EEF61C466FF200EBEEA8 /* Frameworks */,
				7199EEF71C466FF200EBEEA8 /* Resources */,
			);
			buildRules = (
			);
			dependencies = (
				7199EEFB1C466FF200EBEEA8 /* PBXTargetDependency */,
			);
			name = TheaterTests;
			productName = TheaterTests;
			productReference = 7199EEF91C466FF200EBEEA8 /* TheaterTests.xctest */;
			productType = "com.apple.product-type.bundle.unit-test";
		};
		7199EF031C466FF200EBEEA8 /* TheaterUITests */ = {
			isa = PBXNativeTarget;
			buildConfigurationList = 7199EF131C466FF200EBEEA8 /* Build configuration list for PBXNativeTarget "TheaterUITests" */;
			buildPhases = (
				7199EF001C466FF200EBEEA8 /* Sources */,
				7199EF011C466FF200EBEEA8 /* Frameworks */,
				7199EF021C466FF200EBEEA8 /* Resources */,
			);
			buildRules = (
			);
			dependencies = (
				7199EF061C466FF200EBEEA8 /* PBXTargetDependency */,
			);
			name = TheaterUITests;
			productName = TheaterUITests;
			productReference = 7199EF041C466FF200EBEEA8 /* TheaterUITests.xctest */;
			productType = "com.apple.product-type.bundle.ui-testing";
		};
/* End PBXNativeTarget section */

/* Begin PBXProject section */
		7199EEDD1C466FF100EBEEA8 /* Project object */ = {
			isa = PBXProject;
			attributes = {
				LastSwiftUpdateCheck = 0720;
				LastUpgradeCheck = 0720;
				ORGANIZATIONNAME = "Tarang khanna";
				TargetAttributes = {
					7199EEE41C466FF100EBEEA8 = {
						CreatedOnToolsVersion = 7.2;
						DevelopmentTeam = 7A9LG5LNH6;
					};
					7199EEF81C466FF200EBEEA8 = {
						CreatedOnToolsVersion = 7.2;
						DevelopmentTeam = 7A9LG5LNH6;
						TestTargetID = 7199EEE41C466FF100EBEEA8;
					};
					7199EF031C466FF200EBEEA8 = {
						CreatedOnToolsVersion = 7.2;
						DevelopmentTeam = 7A9LG5LNH6;
						TestTargetID = 7199EEE41C466FF100EBEEA8;
					};
				};
			};
			buildConfigurationList = 7199EEE01C466FF100EBEEA8 /* Build configuration list for PBXProject "Theater" */;
			compatibilityVersion = "Xcode 3.2";
			developmentRegion = English;
			hasScannedForEncodings = 0;
			knownRegions = (
				en,
				Base,
			);
			mainGroup = 7199EEDC1C466FF100EBEEA8;
			productRefGroup = 7199EEE61C466FF100EBEEA8 /* Products */;
			projectDirPath = "";
			projectRoot = "";
			targets = (
				7199EEE41C466FF100EBEEA8 /* Theater */,
				7199EEF81C466FF200EBEEA8 /* TheaterTests */,
				7199EF031C466FF200EBEEA8 /* TheaterUITests */,
			);
		};
/* End PBXProject section */

/* Begin PBXResourcesBuildPhase section */
		7199EEE31C466FF100EBEEA8 /* Resources */ = {
			isa = PBXResourcesBuildPhase;
			buildActionMask = 2147483647;
			files = (
				7199EEF31C466FF100EBEEA8 /* LaunchScreen.storyboard in Resources */,
				7199EEF01C466FF100EBEEA8 /* Assets.xcassets in Resources */,
				7199EEEE1C466FF100EBEEA8 /* Main.storyboard in Resources */,
			);
			runOnlyForDeploymentPostprocessing = 0;
		};
		7199EEF71C466FF200EBEEA8 /* Resources */ = {
			isa = PBXResourcesBuildPhase;
			buildActionMask = 2147483647;
			files = (
			);
			runOnlyForDeploymentPostprocessing = 0;
		};
		7199EF021C466FF200EBEEA8 /* Resources */ = {
			isa = PBXResourcesBuildPhase;
			buildActionMask = 2147483647;
			files = (
			);
			runOnlyForDeploymentPostprocessing = 0;
		};
/* End PBXResourcesBuildPhase section */

/* Begin PBXShellScriptBuildPhase section */
		3F564DEB368C5890D68B5FC5 /* Embed Pods Frameworks */ = {
			isa = PBXShellScriptBuildPhase;
			buildActionMask = 2147483647;
			files = (
			);
			inputPaths = (
			);
			name = "Embed Pods Frameworks";
			outputPaths = (
			);
			runOnlyForDeploymentPostprocessing = 0;
			shellPath = /bin/sh;
			shellScript = "\"${SRCROOT}/Pods/Target Support Files/Pods-Theater/Pods-Theater-frameworks.sh\"\n";
			showEnvVarsInLog = 0;
		};
		BA00EA7E635ADBD9CA634AC1 /* Check Pods Manifest.lock */ = {
			isa = PBXShellScriptBuildPhase;
			buildActionMask = 2147483647;
			files = (
			);
			inputPaths = (
			);
			name = "Check Pods Manifest.lock";
			outputPaths = (
			);
			runOnlyForDeploymentPostprocessing = 0;
			shellPath = /bin/sh;
			shellScript = "diff \"${PODS_ROOT}/../Podfile.lock\" \"${PODS_ROOT}/Manifest.lock\" > /dev/null\nif [[ $? != 0 ]] ; then\n    cat << EOM\nerror: The sandbox is not in sync with the Podfile.lock. Run 'pod install' or update your CocoaPods installation.\nEOM\n    exit 1\nfi\n";
			showEnvVarsInLog = 0;
		};
		F0D09ED6E60FD0493857D88D /* Copy Pods Resources */ = {
			isa = PBXShellScriptBuildPhase;
			buildActionMask = 2147483647;
			files = (
			);
			inputPaths = (
			);
			name = "Copy Pods Resources";
			outputPaths = (
			);
			runOnlyForDeploymentPostprocessing = 0;
			shellPath = /bin/sh;
			shellScript = "\"${SRCROOT}/Pods/Target Support Files/Pods-Theater/Pods-Theater-resources.sh\"\n";
			showEnvVarsInLog = 0;
		};
/* End PBXShellScriptBuildPhase section */

/* Begin PBXSourcesBuildPhase section */
		7199EEE11C466FF100EBEEA8 /* Sources */ = {
			isa = PBXSourcesBuildPhase;
			buildActionMask = 2147483647;
			files = (
				7199EEE91C466FF100EBEEA8 /* AppDelegate.swift in Sources */,
				7199EF1D1C47CACC00EBEEA8 /* RoundView.swift in Sources */,
				7199EF171C46706000EBEEA8 /* MoviesViewController.swift in Sources */,
				7199EF1A1C4679E400EBEEA8 /* MovieCell.swift in Sources */,
				7199EF211C47CCE200EBEEA8 /* MovieCellCollectionViewCell.swift in Sources */,
			);
			runOnlyForDeploymentPostprocessing = 0;
		};
		7199EEF51C466FF200EBEEA8 /* Sources */ = {
			isa = PBXSourcesBuildPhase;
			buildActionMask = 2147483647;
			files = (
				7199EEFE1C466FF200EBEEA8 /* TheaterTests.swift in Sources */,
			);
			runOnlyForDeploymentPostprocessing = 0;
		};
		7199EF001C466FF200EBEEA8 /* Sources */ = {
			isa = PBXSourcesBuildPhase;
			buildActionMask = 2147483647;
			files = (
				7199EF091C466FF200EBEEA8 /* TheaterUITests.swift in Sources */,
			);
			runOnlyForDeploymentPostprocessing = 0;
		};
/* End PBXSourcesBuildPhase section */

/* Begin PBXTargetDependency section */
		7199EEFB1C466FF200EBEEA8 /* PBXTargetDependency */ = {
			isa = PBXTargetDependency;
			target = 7199EEE41C466FF100EBEEA8 /* Theater */;
			targetProxy = 7199EEFA1C466FF200EBEEA8 /* PBXContainerItemProxy */;
		};
		7199EF061C466FF200EBEEA8 /* PBXTargetDependency */ = {
			isa = PBXTargetDependency;
			target = 7199EEE41C466FF100EBEEA8 /* Theater */;
			targetProxy = 7199EF051C466FF200EBEEA8 /* PBXContainerItemProxy */;
		};
/* End PBXTargetDependency section */

/* Begin PBXVariantGroup section */
		7199EEEC1C466FF100EBEEA8 /* Main.storyboard */ = {
			isa = PBXVariantGroup;
			children = (
				7199EEED1C466FF100EBEEA8 /* Base */,
			);
			name = Main.storyboard;
			sourceTree = "<group>";
		};
		7199EEF11C466FF100EBEEA8 /* LaunchScreen.storyboard */ = {
			isa = PBXVariantGroup;
			children = (
				7199EEF21C466FF100EBEEA8 /* Base */,
			);
			name = LaunchScreen.storyboard;
			sourceTree = "<group>";
		};
/* End PBXVariantGroup section */

/* Begin XCBuildConfiguration section */
		7199EF0B1C466FF200EBEEA8 /* Debug */ = {
			isa = XCBuildConfiguration;
			buildSettings = {
				ALWAYS_SEARCH_USER_PATHS = NO;
				CLANG_CXX_LANGUAGE_STANDARD = "gnu++0x";
				CLANG_CXX_LIBRARY = "libc++";
				CLANG_ENABLE_MODULES = YES;
				CLANG_ENABLE_OBJC_ARC = YES;
				CLANG_WARN_BOOL_CONVERSION = YES;
				CLANG_WARN_CONSTANT_CONVERSION = YES;
				CLANG_WARN_DIRECT_OBJC_ISA_USAGE = YES_ERROR;
				CLANG_WARN_EMPTY_BODY = YES;
				CLANG_WARN_ENUM_CONVERSION = YES;
				CLANG_WARN_INT_CONVERSION = YES;
				CLANG_WARN_OBJC_ROOT_CLASS = YES_ERROR;
				CLANG_WARN_UNREACHABLE_CODE = YES;
				CLANG_WARN__DUPLICATE_METHOD_MATCH = YES;
				"CODE_SIGN_IDENTITY[sdk=iphoneos*]" = "iPhone Developer";
				COPY_PHASE_STRIP = NO;
				DEBUG_INFORMATION_FORMAT = dwarf;
				ENABLE_STRICT_OBJC_MSGSEND = YES;
				ENABLE_TESTABILITY = YES;
				GCC_C_LANGUAGE_STANDARD = gnu99;
				GCC_DYNAMIC_NO_PIC = NO;
				GCC_NO_COMMON_BLOCKS = YES;
				GCC_OPTIMIZATION_LEVEL = 0;
				GCC_PREPROCESSOR_DEFINITIONS = (
					"DEBUG=1",
					"$(inherited)",
				);
				GCC_WARN_64_TO_32_BIT_CONVERSION = YES;
				GCC_WARN_ABOUT_RETURN_TYPE = YES_ERROR;
				GCC_WARN_UNDECLARED_SELECTOR = YES;
				GCC_WARN_UNINITIALIZED_AUTOS = YES_AGGRESSIVE;
				GCC_WARN_UNUSED_FUNCTION = YES;
				GCC_WARN_UNUSED_VARIABLE = YES;
				IPHONEOS_DEPLOYMENT_TARGET = 9.2;
				MTL_ENABLE_DEBUG_INFO = YES;
				ONLY_ACTIVE_ARCH = YES;
				SDKROOT = iphoneos;
				SWIFT_OPTIMIZATION_LEVEL = "-Onone";
				TARGETED_DEVICE_FAMILY = "1,2";
			};
			name = Debug;
		};
		7199EF0C1C466FF200EBEEA8 /* Release */ = {
			isa = XCBuildConfiguration;
			buildSettings = {
				ALWAYS_SEARCH_USER_PATHS = NO;
				CLANG_CXX_LANGUAGE_STANDARD = "gnu++0x";
				CLANG_CXX_LIBRARY = "libc++";
				CLANG_ENABLE_MODULES = YES;
				CLANG_ENABLE_OBJC_ARC = YES;
				CLANG_WARN_BOOL_CONVERSION = YES;
				CLANG_WARN_CONSTANT_CONVERSION = YES;
				CLANG_WARN_DIRECT_OBJC_ISA_USAGE = YES_ERROR;
				CLANG_WARN_EMPTY_BODY = YES;
				CLANG_WARN_ENUM_CONVERSION = YES;
				CLANG_WARN_INT_CONVERSION = YES;
				CLANG_WARN_OBJC_ROOT_CLASS = YES_ERROR;
				CLANG_WARN_UNREACHABLE_CODE = YES;
				CLANG_WARN__DUPLICATE_METHOD_MATCH = YES;
				"CODE_SIGN_IDENTITY[sdk=iphoneos*]" = "iPhone Developer";
				COPY_PHASE_STRIP = NO;
				DEBUG_INFORMATION_FORMAT = "dwarf-with-dsym";
				ENABLE_NS_ASSERTIONS = NO;
				ENABLE_STRICT_OBJC_MSGSEND = YES;
				GCC_C_LANGUAGE_STANDARD = gnu99;
				GCC_NO_COMMON_BLOCKS = YES;
				GCC_WARN_64_TO_32_BIT_CONVERSION = YES;
				GCC_WARN_ABOUT_RETURN_TYPE = YES_ERROR;
				GCC_WARN_UNDECLARED_SELECTOR = YES;
				GCC_WARN_UNINITIALIZED_AUTOS = YES_AGGRESSIVE;
				GCC_WARN_UNUSED_FUNCTION = YES;
				GCC_WARN_UNUSED_VARIABLE = YES;
				IPHONEOS_DEPLOYMENT_TARGET = 9.2;
				MTL_ENABLE_DEBUG_INFO = NO;
				SDKROOT = iphoneos;
				TARGETED_DEVICE_FAMILY = "1,2";
				VALIDATE_PRODUCT = YES;
			};
			name = Release;
		};
		7199EF0E1C466FF200EBEEA8 /* Debug */ = {
			isa = XCBuildConfiguration;
			baseConfigurationReference = 28EC7FE18F71D733C4A7F12E /* Pods-Theater.debug.xcconfig */;
			buildSettings = {
				ASSETCATALOG_COMPILER_APPICON_NAME = AppIcon;
				INFOPLIST_FILE = Theater/Info.plist;
				LD_RUNPATH_SEARCH_PATHS = "$(inherited) @executable_path/Frameworks";
				PRODUCT_BUNDLE_IDENTIFIER = THacked96.Theater;
				PRODUCT_NAME = "$(TARGET_NAME)";
			};
			name = Debug;
		};
		7199EF0F1C466FF200EBEEA8 /* Release */ = {
			isa = XCBuildConfiguration;
			baseConfigurationReference = 3700D7E6A8CF61292BCA250D /* Pods-Theater.release.xcconfig */;
			buildSettings = {
				ASSETCATALOG_COMPILER_APPICON_NAME = AppIcon;
				INFOPLIST_FILE = Theater/Info.plist;
				LD_RUNPATH_SEARCH_PATHS = "$(inherited) @executable_path/Frameworks";
				PRODUCT_BUNDLE_IDENTIFIER = THacked96.Theater;
				PRODUCT_NAME = "$(TARGET_NAME)";
			};
			name = Release;
		};
		7199EF111C466FF200EBEEA8 /* Debug */ = {
			isa = XCBuildConfiguration;
			buildSettings = {
				BUNDLE_LOADER = "$(TEST_HOST)";
				INFOPLIST_FILE = TheaterTests/Info.plist;
				LD_RUNPATH_SEARCH_PATHS = "$(inherited) @executable_path/Frameworks @loader_path/Frameworks";
				PRODUCT_BUNDLE_IDENTIFIER = THacked96.TheaterTests;
				PRODUCT_NAME = "$(TARGET_NAME)";
				TEST_HOST = "$(BUILT_PRODUCTS_DIR)/Theater.app/Theater";
			};
			name = Debug;
		};
		7199EF121C466FF200EBEEA8 /* Release */ = {
			isa = XCBuildConfiguration;
			buildSettings = {
				BUNDLE_LOADER = "$(TEST_HOST)";
				INFOPLIST_FILE = TheaterTests/Info.plist;
				LD_RUNPATH_SEARCH_PATHS = "$(inherited) @executable_path/Frameworks @loader_path/Frameworks";
				PRODUCT_BUNDLE_IDENTIFIER = THacked96.TheaterTests;
				PRODUCT_NAME = "$(TARGET_NAME)";
				TEST_HOST = "$(BUILT_PRODUCTS_DIR)/Theater.app/Theater";
			};
			name = Release;
		};
		7199EF141C466FF200EBEEA8 /* Debug */ = {
			isa = XCBuildConfiguration;
			buildSettings = {
				INFOPLIST_FILE = TheaterUITests/Info.plist;
				LD_RUNPATH_SEARCH_PATHS = "$(inherited) @executable_path/Frameworks @loader_path/Frameworks";
				PRODUCT_BUNDLE_IDENTIFIER = THacked96.TheaterUITests;
				PRODUCT_NAME = "$(TARGET_NAME)";
				TEST_TARGET_NAME = Theater;
				USES_XCTRUNNER = YES;
			};
			name = Debug;
		};
		7199EF151C466FF200EBEEA8 /* Release */ = {
			isa = XCBuildConfiguration;
			buildSettings = {
				INFOPLIST_FILE = TheaterUITests/Info.plist;
				LD_RUNPATH_SEARCH_PATHS = "$(inherited) @executable_path/Frameworks @loader_path/Frameworks";
				PRODUCT_BUNDLE_IDENTIFIER = THacked96.TheaterUITests;
				PRODUCT_NAME = "$(TARGET_NAME)";
				TEST_TARGET_NAME = Theater;
				USES_XCTRUNNER = YES;
			};
			name = Release;
		};
/* End XCBuildConfiguration section */

/* Begin XCConfigurationList section */
		7199EEE01C466FF100EBEEA8 /* Build configuration list for PBXProject "Theater" */ = {
			isa = XCConfigurationList;
			buildConfigurations = (
				7199EF0B1C466FF200EBEEA8 /* Debug */,
				7199EF0C1C466FF200EBEEA8 /* Release */,
			);
			defaultConfigurationIsVisible = 0;
			defaultConfigurationName = Release;
		};
		7199EF0D1C466FF200EBEEA8 /* Build configuration list for PBXNativeTarget "Theater" */ = {
			isa = XCConfigurationList;
			buildConfigurations = (
				7199EF0E1C466FF200EBEEA8 /* Debug */,
				7199EF0F1C466FF200EBEEA8 /* Release */,
			);
			defaultConfigurationIsVisible = 0;
			defaultConfigurationName = Release;
		};
		7199EF101C466FF200EBEEA8 /* Build configuration list for PBXNativeTarget "TheaterTests" */ = {
			isa = XCConfigurationList;
			buildConfigurations = (
				7199EF111C466FF200EBEEA8 /* Debug */,
				7199EF121C466FF200EBEEA8 /* Release */,
			);
			defaultConfigurationIsVisible = 0;
			defaultConfigurationName = Release;
		};
		7199EF131C466FF200EBEEA8 /* Build configuration list for PBXNativeTarget "TheaterUITests" */ = {
			isa = XCConfigurationList;
			buildConfigurations = (
				7199EF141C466FF200EBEEA8 /* Debug */,
				7199EF151C466FF200EBEEA8 /* Release */,
			);
			defaultConfigurationIsVisible = 0;
			defaultConfigurationName = Release;
		};
/* End XCConfigurationList section */
	};
	rootObject = 7199EEDD1C466FF100EBEEA8 /* Project object */;
}
